// !$*UTF8*$!
{
	archiveVersion = 1;
	classes = {
	};
	objectVersion = 55;
	objects = {

/* Begin PBXBuildFile section */
		6321B66C27DE449000A5369E /* ContactsViewController.swift in Sources */ = {isa = PBXBuildFile; fileRef = 6321B66B27DE449000A5369E /* ContactsViewController.swift */; };
		6321B66E27DE44DE00A5369E /* AddContactViewController.swift in Sources */ = {isa = PBXBuildFile; fileRef = 6321B66D27DE44DE00A5369E /* AddContactViewController.swift */; };
		632D6A4027D2B5D700378C6B /* AppDelegate.swift in Sources */ = {isa = PBXBuildFile; fileRef = 632D6A3F27D2B5D700378C6B /* AppDelegate.swift */; };
		632D6A4727D2B5D700378C6B /* Main.storyboard in Resources */ = {isa = PBXBuildFile; fileRef = 632D6A4527D2B5D700378C6B /* Main.storyboard */; };
		632D6A4927D2B5D900378C6B /* Assets.xcassets in Resources */ = {isa = PBXBuildFile; fileRef = 632D6A4827D2B5D900378C6B /* Assets.xcassets */; };
		632D6A4C27D2B5D900378C6B /* LaunchScreen.storyboard in Resources */ = {isa = PBXBuildFile; fileRef = 632D6A4A27D2B5D900378C6B /* LaunchScreen.storyboard */; };
		6339C82827DCCC48003BC248 /* SettingsTableViewController.swift in Sources */ = {isa = PBXBuildFile; fileRef = 6339C82727DCCC48003BC248 /* SettingsTableViewController.swift */; };
		6339C82A27DCCD17003BC248 /* SelectTimeViewController.swift in Sources */ = {isa = PBXBuildFile; fileRef = 6339C82927DCCD17003BC248 /* SelectTimeViewController.swift */; };
		6339C82C27DCF0C9003BC248 /* Settings.swift in Sources */ = {isa = PBXBuildFile; fileRef = 6339C82B27DCF0C9003BC248 /* Settings.swift */; };
		6339C82E27DD2427003BC248 /* HighScoreViewController.swift in Sources */ = {isa = PBXBuildFile; fileRef = 6339C82D27DD2427003BC248 /* HighScoreViewController.swift */; };
		633B82B627D54E4300AE6F63 /* GameViewController.swift in Sources */ = {isa = PBXBuildFile; fileRef = 633B82B527D54E4300AE6F63 /* GameViewController.swift */; };
		633B82B827D7934A00AE6F63 /* Game.swift in Sources */ = {isa = PBXBuildFile; fileRef = 633B82B727D7934A00AE6F63 /* Game.swift */; };
		6398DA3827DA8C8200FB4019 /* YellowViewController.swift in Sources */ = {isa = PBXBuildFile; fileRef = 6398DA3727DA8C8200FB4019 /* YellowViewController.swift */; };
		6398DA3A27DA8E1B00FB4019 /* BlueViewController.swift in Sources */ = {isa = PBXBuildFile; fileRef = 6398DA3927DA8E1B00FB4019 /* BlueViewController.swift */; };
		6398DA3C27DA945500FB4019 /* GreenViewController.swift in Sources */ = {isa = PBXBuildFile; fileRef = 6398DA3B27DA945500FB4019 /* GreenViewController.swift */; };
/* End PBXBuildFile section */

/* Begin PBXFileReference section */
		6321B66B27DE449000A5369E /* ContactsViewController.swift */ = {isa = PBXFileReference; lastKnownFileType = sourcecode.swift; path = ContactsViewController.swift; sourceTree = "<group>"; };
		6321B66D27DE44DE00A5369E /* AddContactViewController.swift */ = {isa = PBXFileReference; lastKnownFileType = sourcecode.swift; path = AddContactViewController.swift; sourceTree = "<group>"; };
		632D6A3C27D2B5D700378C6B /* FindNumber.app */ = {isa = PBXFileReference; explicitFileType = wrapper.application; includeInIndex = 0; path = FindNumber.app; sourceTree = BUILT_PRODUCTS_DIR; };
		632D6A3F27D2B5D700378C6B /* AppDelegate.swift */ = {isa = PBXFileReference; lastKnownFileType = sourcecode.swift; path = AppDelegate.swift; sourceTree = "<group>"; };
		632D6A4627D2B5D700378C6B /* Base */ = {isa = PBXFileReference; lastKnownFileType = file.storyboard; name = Base; path = Base.lproj/Main.storyboard; sourceTree = "<group>"; };
		632D6A4827D2B5D900378C6B /* Assets.xcassets */ = {isa = PBXFileReference; lastKnownFileType = folder.assetcatalog; path = Assets.xcassets; sourceTree = "<group>"; };
		632D6A4B27D2B5D900378C6B /* Base */ = {isa = PBXFileReference; lastKnownFileType = file.storyboard; name = Base; path = Base.lproj/LaunchScreen.storyboard; sourceTree = "<group>"; };
		632D6A4D27D2B5D900378C6B /* Info.plist */ = {isa = PBXFileReference; lastKnownFileType = text.plist.xml; path = Info.plist; sourceTree = "<group>"; };
		6339C82727DCCC48003BC248 /* SettingsTableViewController.swift */ = {isa = PBXFileReference; lastKnownFileType = sourcecode.swift; path = SettingsTableViewController.swift; sourceTree = "<group>"; };
		6339C82927DCCD17003BC248 /* SelectTimeViewController.swift */ = {isa = PBXFileReference; lastKnownFileType = sourcecode.swift; path = SelectTimeViewController.swift; sourceTree = "<group>"; };
		6339C82B27DCF0C9003BC248 /* Settings.swift */ = {isa = PBXFileReference; lastKnownFileType = sourcecode.swift; path = Settings.swift; sourceTree = "<group>"; };
		6339C82D27DD2427003BC248 /* HighScoreViewController.swift */ = {isa = PBXFileReference; lastKnownFileType = sourcecode.swift; path = HighScoreViewController.swift; sourceTree = "<group>"; };
		633B82B527D54E4300AE6F63 /* GameViewController.swift */ = {isa = PBXFileReference; lastKnownFileType = sourcecode.swift; path = GameViewController.swift; sourceTree = "<group>"; };
		633B82B727D7934A00AE6F63 /* Game.swift */ = {isa = PBXFileReference; lastKnownFileType = sourcecode.swift; path = Game.swift; sourceTree = "<group>"; };
		6398DA3727DA8C8200FB4019 /* YellowViewController.swift */ = {isa = PBXFileReference; lastKnownFileType = sourcecode.swift; path = YellowViewController.swift; sourceTree = "<group>"; };
		6398DA3927DA8E1B00FB4019 /* BlueViewController.swift */ = {isa = PBXFileReference; lastKnownFileType = sourcecode.swift; path = BlueViewController.swift; sourceTree = "<group>"; };
		6398DA3B27DA945500FB4019 /* GreenViewController.swift */ = {isa = PBXFileReference; lastKnownFileType = sourcecode.swift; path = GreenViewController.swift; sourceTree = "<group>"; };
/* End PBXFileReference section */

/* Begin PBXFrameworksBuildPhase section */
		632D6A3927D2B5D700378C6B /* Frameworks */ = {
			isa = PBXFrameworksBuildPhase;
			buildActionMask = 2147483647;
			files = (
			);
			runOnlyForDeploymentPostprocessing = 0;
		};
/* End PBXFrameworksBuildPhase section */

/* Begin PBXGroup section */
		632D6A3327D2B5D700378C6B = {
			isa = PBXGroup;
			children = (
				632D6A3E27D2B5D700378C6B /* FindNumber */,
				632D6A3D27D2B5D700378C6B /* Products */,
			);
			sourceTree = "<group>";
		};
		632D6A3D27D2B5D700378C6B /* Products */ = {
			isa = PBXGroup;
			children = (
				632D6A3C27D2B5D700378C6B /* FindNumber.app */,
			);
			name = Products;
			sourceTree = "<group>";
		};
		632D6A3E27D2B5D700378C6B /* FindNumber */ = {
			isa = PBXGroup;
			children = (
				632D6A3F27D2B5D700378C6B /* AppDelegate.swift */,
				632D6A4527D2B5D700378C6B /* Main.storyboard */,
				632D6A4827D2B5D900378C6B /* Assets.xcassets */,
				632D6A4A27D2B5D900378C6B /* LaunchScreen.storyboard */,
				632D6A4D27D2B5D900378C6B /* Info.plist */,
				633B82B527D54E4300AE6F63 /* GameViewController.swift */,
				633B82B727D7934A00AE6F63 /* Game.swift */,
				6398DA3727DA8C8200FB4019 /* YellowViewController.swift */,
				6398DA3927DA8E1B00FB4019 /* BlueViewController.swift */,
				6398DA3B27DA945500FB4019 /* GreenViewController.swift */,
				6339C82727DCCC48003BC248 /* SettingsTableViewController.swift */,
				6339C82927DCCD17003BC248 /* SelectTimeViewController.swift */,
				6339C82B27DCF0C9003BC248 /* Settings.swift */,
				6339C82D27DD2427003BC248 /* HighScoreViewController.swift */,
				6321B66B27DE449000A5369E /* ContactsViewController.swift */,
				6321B66D27DE44DE00A5369E /* AddContactViewController.swift */,
			);
			path = FindNumber;
			sourceTree = "<group>";
		};
/* End PBXGroup section */

/* Begin PBXNativeTarget section */
		632D6A3B27D2B5D700378C6B /* FindNumber */ = {
			isa = PBXNativeTarget;
			buildConfigurationList = 632D6A5027D2B5D900378C6B /* Build configuration list for PBXNativeTarget "FindNumber" */;
			buildPhases = (
				632D6A3827D2B5D700378C6B /* Sources */,
				632D6A3927D2B5D700378C6B /* Frameworks */,
				632D6A3A27D2B5D700378C6B /* Resources */,
			);
			buildRules = (
			);
			dependencies = (
			);
			name = FindNumber;
			productName = FindNumber;
			productReference = 632D6A3C27D2B5D700378C6B /* FindNumber.app */;
			productType = "com.apple.product-type.application";
		};
/* End PBXNativeTarget section */

/* Begin PBXProject section */
		632D6A3427D2B5D700378C6B /* Project object */ = {
			isa = PBXProject;
			attributes = {
				BuildIndependentTargetsInParallel = 1;
				LastSwiftUpdateCheck = 1320;
				LastUpgradeCheck = 1320;
				TargetAttributes = {
					632D6A3B27D2B5D700378C6B = {
						CreatedOnToolsVersion = 13.2.1;
					};
				};
			};
			buildConfigurationList = 632D6A3727D2B5D700378C6B /* Build configuration list for PBXProject "FindNumber" */;
			compatibilityVersion = "Xcode 13.0";
			developmentRegion = en;
			hasScannedForEncodings = 0;
			knownRegions = (
				en,
				Base,
			);
			mainGroup = 632D6A3327D2B5D700378C6B;
			productRefGroup = 632D6A3D27D2B5D700378C6B /* Products */;
			projectDirPath = "";
			projectRoot = "";
			targets = (
				632D6A3B27D2B5D700378C6B /* FindNumber */,
			);
		};
/* End PBXProject section */

/* Begin PBXResourcesBuildPhase section */
		632D6A3A27D2B5D700378C6B /* Resources */ = {
			isa = PBXResourcesBuildPhase;
			buildActionMask = 2147483647;
			files = (
				632D6A4C27D2B5D900378C6B /* LaunchScreen.storyboard in Resources */,
				632D6A4927D2B5D900378C6B /* Assets.xcassets in Resources */,
				632D6A4727D2B5D700378C6B /* Main.storyboard in Resources */,
			);
			runOnlyForDeploymentPostprocessing = 0;
		};
/* End PBXResourcesBuildPhase section */

/* Begin PBXSourcesBuildPhase section */
		632D6A3827D2B5D700378C6B /* Sources */ = {
			isa = PBXSourcesBuildPhase;
			buildActionMask = 2147483647;
			files = (
				6398DA3C27DA945500FB4019 /* GreenViewController.swift in Sources */,
				6321B66C27DE449000A5369E /* ContactsViewController.swift in Sources */,
				6339C82E27DD2427003BC248 /* HighScoreViewController.swift in Sources */,
				6398DA3827DA8C8200FB4019 /* YellowViewController.swift in Sources */,
				633B82B627D54E4300AE6F63 /* GameViewController.swift in Sources */,
				6339C82827DCCC48003BC248 /* SettingsTableViewController.swift in Sources */,
				633B82B827D7934A00AE6F63 /* Game.swift in Sources */,
				6398DA3A27DA8E1B00FB4019 /* BlueViewController.swift in Sources */,
				6339C82C27DCF0C9003BC248 /* Settings.swift in Sources */,
				6321B66E27DE44DE00A5369E /* AddContactViewController.swift in Sources */,
				632D6A4027D2B5D700378C6B /* AppDelegate.swift in Sources */,
				6339C82A27DCCD17003BC248 /* SelectTimeViewController.swift in Sources */,
			);
			runOnlyForDeploymentPostprocessing = 0;
		};
/* End PBXSourcesBuildPhase section */

/* Begin PBXVariantGroup section */
		632D6A4527D2B5D700378C6B /* Main.storyboard */ = {
			isa = PBXVariantGroup;
			children = (
				632D6A4627D2B5D700378C6B /* Base */,
			);
			name = Main.storyboard;
			sourceTree = "<group>";
		};
		632D6A4A27D2B5D900378C6B /* LaunchScreen.storyboard */ = {
			isa = PBXVariantGroup;
			children = (
				632D6A4B27D2B5D900378C6B /* Base */,
			);
			name = LaunchScreen.storyboard;
			sourceTree = "<group>";
		};
/* End PBXVariantGroup section */

/* Begin XCBuildConfiguration section */
		632D6A4E27D2B5D900378C6B /* Debug */ = {
			isa = XCBuildConfiguration;
			buildSettings = {
				ALWAYS_SEARCH_USER_PATHS = NO;
				CLANG_ANALYZER_NONNULL = YES;
				CLANG_ANALYZER_NUMBER_OBJECT_CONVERSION = YES_AGGRESSIVE;
				CLANG_CXX_LANGUAGE_STANDARD = "gnu++17";
				CLANG_CXX_LIBRARY = "libc++";
				CLANG_ENABLE_MODULES = YES;
				CLANG_ENABLE_OBJC_ARC = YES;
				CLANG_ENABLE_OBJC_WEAK = YES;
				CLANG_WARN_BLOCK_CAPTURE_AUTORELEASING = YES;
				CLANG_WARN_BOOL_CONVERSION = YES;
				CLANG_WARN_COMMA = YES;
				CLANG_WARN_CONSTANT_CONVERSION = YES;
				CLANG_WARN_DEPRECATED_OBJC_IMPLEMENTATIONS = YES;
				CLANG_WARN_DIRECT_OBJC_ISA_USAGE = YES_ERROR;
				CLANG_WARN_DOCUMENTATION_COMMENTS = YES;
				CLANG_WARN_EMPTY_BODY = YES;
				CLANG_WARN_ENUM_CONVERSION = YES;
				CLANG_WARN_INFINITE_RECURSION = YES;
				CLANG_WARN_INT_CONVERSION = YES;
				CLANG_WARN_NON_LITERAL_NULL_CONVERSION = YES;
				CLANG_WARN_OBJC_IMPLICIT_RETAIN_SELF = YES;
				CLANG_WARN_OBJC_LITERAL_CONVERSION = YES;
				CLANG_WARN_OBJC_ROOT_CLASS = YES_ERROR;
				CLANG_WARN_QUOTED_INCLUDE_IN_FRAMEWORK_HEADER = YES;
				CLANG_WARN_RANGE_LOOP_ANALYSIS = YES;
				CLANG_WARN_STRICT_PROTOTYPES = YES;
				CLANG_WARN_SUSPICIOUS_MOVE = YES;
				CLANG_WARN_UNGUARDED_AVAILABILITY = YES_AGGRESSIVE;
				CLANG_WARN_UNREACHABLE_CODE = YES;
				CLANG_WARN__DUPLICATE_METHOD_MATCH = YES;
				COPY_PHASE_STRIP = NO;
				DEBUG_INFORMATION_FORMAT = dwarf;
				ENABLE_STRICT_OBJC_MSGSEND = YES;
				ENABLE_TESTABILITY = YES;
				GCC_C_LANGUAGE_STANDARD = gnu11;
				GCC_DYNAMIC_NO_PIC = NO;
				GCC_NO_COMMON_BLOCKS = YES;
				GCC_OPTIMIZATION_LEVEL = 0;
				GCC_PREPROCESSOR_DEFINITIONS = (
					"DEBUG=1",
					"$(inherited)",
				);
				GCC_WARN_64_TO_32_BIT_CONVERSION = YES;
				GCC_WARN_ABOUT_RETURN_TYPE = YES_ERROR;
				GCC_WARN_UNDECLARED_SELECTOR = YES;
				GCC_WARN_UNINITIALIZED_AUTOS = YES_AGGRESSIVE;
				GCC_WARN_UNUSED_FUNCTION = YES;
				GCC_WARN_UNUSED_VARIABLE = YES;
				IPHONEOS_DEPLOYMENT_TARGET = 15.2;
				MTL_ENABLE_DEBUG_INFO = INCLUDE_SOURCE;
				MTL_FAST_MATH = YES;
				ONLY_ACTIVE_ARCH = YES;
				SDKROOT = iphoneos;
				SWIFT_ACTIVE_COMPILATION_CONDITIONS = DEBUG;
				SWIFT_OPTIMIZATION_LEVEL = "-Onone";
			};
			name = Debug;
		};
		632D6A4F27D2B5D900378C6B /* Release */ = {
			isa = XCBuildConfiguration;
			buildSettings = {
				ALWAYS_SEARCH_USER_PATHS = NO;
				CLANG_ANALYZER_NONNULL = YES;
				CLANG_ANALYZER_NUMBER_OBJECT_CONVERSION = YES_AGGRESSIVE;
				CLANG_CXX_LANGUAGE_STANDARD = "gnu++17";
				CLANG_CXX_LIBRARY = "libc++";
				CLANG_ENABLE_MODULES = YES;
				CLANG_ENABLE_OBJC_ARC = YES;
				CLANG_ENABLE_OBJC_WEAK = YES;
				CLANG_WARN_BLOCK_CAPTURE_AUTORELEASING = YES;
				CLANG_WARN_BOOL_CONVERSION = YES;
				CLANG_WARN_COMMA = YES;
				CLANG_WARN_CONSTANT_CONVERSION = YES;
				CLANG_WARN_DEPRECATED_OBJC_IMPLEMENTATIONS = YES;
				CLANG_WARN_DIRECT_OBJC_ISA_USAGE = YES_ERROR;
				CLANG_WARN_DOCUMENTATION_COMMENTS = YES;
				CLANG_WARN_EMPTY_BODY = YES;
				CLANG_WARN_ENUM_CONVERSION = YES;
				CLANG_WARN_INFINITE_RECURSION = YES;
				CLANG_WARN_INT_CONVERSION = YES;
				CLANG_WARN_NON_LITERAL_NULL_CONVERSION = YES;
				CLANG_WARN_OBJC_IMPLICIT_RETAIN_SELF = YES;
				CLANG_WARN_OBJC_LITERAL_CONVERSION = YES;
				CLANG_WARN_OBJC_ROOT_CLASS = YES_ERROR;
				CLANG_WARN_QUOTED_INCLUDE_IN_FRAMEWORK_HEADER = YES;
				CLANG_WARN_RANGE_LOOP_ANALYSIS = YES;
				CLANG_WARN_STRICT_PROTOTYPES = YES;
				CLANG_WARN_SUSPICIOUS_MOVE = YES;
				CLANG_WARN_UNGUARDED_AVAILABILITY = YES_AGGRESSIVE;
				CLANG_WARN_UNREACHABLE_CODE = YES;
				CLANG_WARN__DUPLICATE_METHOD_MATCH = YES;
				COPY_PHASE_STRIP = NO;
				DEBUG_INFORMATION_FORMAT = "dwarf-with-dsym";
				ENABLE_NS_ASSERTIONS = NO;
				ENABLE_STRICT_OBJC_MSGSEND = YES;
				GCC_C_LANGUAGE_STANDARD = gnu11;
				GCC_NO_COMMON_BLOCKS = YES;
				GCC_WARN_64_TO_32_BIT_CONVERSION = YES;
				GCC_WARN_ABOUT_RETURN_TYPE = YES_ERROR;
				GCC_WARN_UNDECLARED_SELECTOR = YES;
				GCC_WARN_UNINITIALIZED_AUTOS = YES_AGGRESSIVE;
				GCC_WARN_UNUSED_FUNCTION = YES;
				GCC_WARN_UNUSED_VARIABLE = YES;
				IPHONEOS_DEPLOYMENT_TARGET = 15.2;
				MTL_ENABLE_DEBUG_INFO = NO;
				MTL_FAST_MATH = YES;
				SDKROOT = iphoneos;
				SWIFT_COMPILATION_MODE = wholemodule;
				SWIFT_OPTIMIZATION_LEVEL = "-O";
				VALIDATE_PRODUCT = YES;
			};
			name = Release;
		};
		632D6A5127D2B5D900378C6B /* Debug */ = {
			isa = XCBuildConfiguration;
			buildSettings = {
				ASSETCATALOG_COMPILER_APPICON_NAME = AppIcon;
				ASSETCATALOG_COMPILER_GLOBAL_ACCENT_COLOR_NAME = AccentColor;
				CODE_SIGN_STYLE = Automatic;
				CURRENT_PROJECT_VERSION = 1;
				GENERATE_INFOPLIST_FILE = YES;
				INFOPLIST_FILE = FindNumber/Info.plist;
				INFOPLIST_KEY_CFBundleDisplayName = "Find Number";
				INFOPLIST_KEY_UIApplicationSupportsIndirectInputEvents = YES;
				INFOPLIST_KEY_UILaunchStoryboardName = LaunchScreen;
				INFOPLIST_KEY_UIMainStoryboardFile = Main;
				INFOPLIST_KEY_UISupportedInterfaceOrientations = UIInterfaceOrientationPortrait;
				INFOPLIST_KEY_UISupportedInterfaceOrientations_iPad = "UIInterfaceOrientationPortrait UIInterfaceOrientationPortraitUpsideDown UIInterfaceOrientationLandscapeLeft UIInterfaceOrientationLandscapeRight";
				INFOPLIST_KEY_UISupportedInterfaceOrientations_iPhone = "UIInterfaceOrientationPortrait UIInterfaceOrientationLandscapeLeft UIInterfaceOrientationLandscapeRight";
				IPHONEOS_DEPLOYMENT_TARGET = 11.0;
				LD_RUNPATH_SEARCH_PATHS = (
					"$(inherited)",
					"@executable_path/Frameworks",
				);
				MARKETING_VERSION = 1.0;
				PRODUCT_BUNDLE_IDENTIFIER = Boris.FindNumber;
				PRODUCT_NAME = "$(TARGET_NAME)";
				SWIFT_EMIT_LOC_STRINGS = YES;
				SWIFT_VERSION = 5.0;
				TARGETED_DEVICE_FAMILY = "1,2";
			};
			name = Debug;
		};
		632D6A5227D2B5D900378C6B /* Release */ = {
			isa = XCBuildConfiguration;
			buildSettings = {
				ASSETCATALOG_COMPILER_APPICON_NAME = AppIcon;
				ASSETCATALOG_COMPILER_GLOBAL_ACCENT_COLOR_NAME = AccentColor;
				CODE_SIGN_STYLE = Automatic;
				CURRENT_PROJECT_VERSION = 1;
				GENERATE_INFOPLIST_FILE = YES;
				INFOPLIST_FILE = FindNumber/Info.plist;
				INFOPLIST_KEY_CFBundleDisplayName = "Find Number";
				INFOPLIST_KEY_UIApplicationSupportsIndirectInputEvents = YES;
				INFOPLIST_KEY_UILaunchStoryboardName = LaunchScreen;
				INFOPLIST_KEY_UIMainStoryboardFile = Main;
				INFOPLIST_KEY_UISupportedInterfaceOrientations = UIInterfaceOrientationPortrait;
				INFOPLIST_KEY_UISupportedInterfaceOrientations_iPad = "UIInterfaceOrientationPortrait UIInterfaceOrientationPortraitUpsideDown UIInterfaceOrientationLandscapeLeft UIInterfaceOrientationLandscapeRight";
				INFOPLIST_KEY_UISupportedInterfaceOrientations_iPhone = "UIInterfaceOrientationPortrait UIInterfaceOrientationLandscapeLeft UIInterfaceOrientationLandscapeRight";
				IPHONEOS_DEPLOYMENT_TARGET = 11.0;
				LD_RUNPATH_SEARCH_PATHS = (
					"$(inherited)",
					"@executable_path/Frameworks",
				);
				MARKETING_VERSION = 1.0;
				PRODUCT_BUNDLE_IDENTIFIER = Boris.FindNumber;
				PRODUCT_NAME = "$(TARGET_NAME)";
				SWIFT_EMIT_LOC_STRINGS = YES;
				SWIFT_VERSION = 5.0;
				TARGETED_DEVICE_FAMILY = "1,2";
			};
			name = Release;
		};
/* End XCBuildConfiguration section */

/* Begin XCConfigurationList section */
		632D6A3727D2B5D700378C6B /* Build configuration list for PBXProject "FindNumber" */ = {
			isa = XCConfigurationList;
			buildConfigurations = (
				632D6A4E27D2B5D900378C6B /* Debug */,
				632D6A4F27D2B5D900378C6B /* Release */,
			);
			defaultConfigurationIsVisible = 0;
			defaultConfigurationName = Release;
		};
		632D6A5027D2B5D900378C6B /* Build configuration list for PBXNativeTarget "FindNumber" */ = {
			isa = XCConfigurationList;
			buildConfigurations = (
				632D6A5127D2B5D900378C6B /* Debug */,
				632D6A5227D2B5D900378C6B /* Release */,
			);
			defaultConfigurationIsVisible = 0;
			defaultConfigurationName = Release;
		};
/* End XCConfigurationList section */
	};
	rootObject = 632D6A3427D2B5D700378C6B /* Project object */;
}
